
Microsoft Visual Studio Solution File, Format Version 12.00
# Visual Studio Version 16
VisualStudioVersion = 16.0.29920.165
MinimumVisualStudioVersion = 10.0.40219.1
Project("{9A19103F-16F7-4668-BE54-9A1E7A4F7556}") = "EsmaulHusna", "EsmaulHusna.csproj", "{4BC9F7E6-DEF6-4DD3-B8BF-E69F2ED15AA7}"
EndProject
Global
	GlobalSection(SolutionConfigurationPlatforms) = preSolution
		Debug|Any CPU = Debug|Any CPU
		Release|Any CPU = Release|Any CPU
	EndGlobalSection
	GlobalSection(ProjectConfigurationPlatforms) = postSolution
		{4BC9F7E6-DEF6-4DD3-B8BF-E69F2ED15AA7}.Debug|Any CPU.ActiveCfg = Debug|Any CPU
		{4BC9F7E6-DEF6-4DD3-B8BF-E69F2ED15AA7}.Debug|Any CPU.Build.0 = Debug|Any CPU
		{4BC9F7E6-DEF6-4DD3-B8BF-E69F2ED15AA7}.Release|Any CPU.ActiveCfg = Release|Any CPU
		{4BC9F7E6-DEF6-4DD3-B8BF-E69F2ED15AA7}.Release|Any CPU.Build.0 = Release|Any CPU
	EndGlobalSection
	GlobalSection(SolutionProperties) = preSolution
		HideSolutionNode = FALSE
	EndGlobalSection
	GlobalSection(ExtensibilityGlobals) = postSolution
		SolutionGuid = {B5CA85E0-9ED2-4F8B-ACA8-E70B6CECA3A8}
	EndGlobalSection
EndGlobal
